
Microsoft Visual Studio Solution File, Format Version 12.00
# Visual Studio Version 16
VisualStudioVersion = 16.0.29926.136
MinimumVisualStudioVersion = 10.0.40219.1
Project("{9A19103F-16F7-4668-BE54-9A1E7A4F7556}") = "tsorcRevamp", "tsorcRevamp.csproj", "{8BCC3FB6-2F9D-4E98-AD99-52C753D336B3}"
EndProject
Project("{2150E333-8FDC-42A3-9474-1A3956D46DE8}") = "Solution Items", "Solution Items", "{FB203A16-E3A0-43B8-976D-D5B4A3ADB91A}"
	ProjectSection(SolutionItems) = preProject
		.editorconfig = .editorconfig
	EndProjectSection
EndProject
Global
	GlobalSection(SolutionConfigurationPlatforms) = preSolution
		Debug|Any CPU = Debug|Any CPU
		Release|Any CPU = Release|Any CPU
	EndGlobalSection
	GlobalSection(ProjectConfigurationPlatforms) = postSolution
		{8BCC3FB6-2F9D-4E98-AD99-52C753D336B3}.Debug|Any CPU.ActiveCfg = Debug|Any CPU
		{8BCC3FB6-2F9D-4E98-AD99-52C753D336B3}.Debug|Any CPU.Build.0 = Debug|Any CPU
		{8BCC3FB6-2F9D-4E98-AD99-52C753D336B3}.Release|Any CPU.ActiveCfg = Release|Any CPU
		{8BCC3FB6-2F9D-4E98-AD99-52C753D336B3}.Release|Any CPU.Build.0 = Release|Any CPU
	EndGlobalSection
	GlobalSection(SolutionProperties) = preSolution
		HideSolutionNode = FALSE
	EndGlobalSection
	GlobalSection(ExtensibilityGlobals) = postSolution
		SolutionGuid = {9E141341-57E6-4A02-B886-98DBD143AA37}
	EndGlobalSection
EndGlobal
