
Microsoft Visual Studio Solution File, Format Version 12.00
# Visual Studio Version 17
VisualStudioVersion = 17.14.36301.6 d17.14
MinimumVisualStudioVersion = 10.0.40219.1
Project("{FAE04EC0-301F-11D3-BF4B-00C04F79EFBC}") = "tsorcRevamp", "tsorcRevamp.csproj", "{1709FA79-F712-B6DF-48D3-E17F6FD39785}"
EndProject
Global
	GlobalSection(SolutionConfigurationPlatforms) = preSolution
		Debug|Any CPU = Debug|Any CPU
		Release|Any CPU = Release|Any CPU
	EndGlobalSection
	GlobalSection(ProjectConfigurationPlatforms) = postSolution
		{1709FA79-F712-B6DF-48D3-E17F6FD39785}.Debug|Any CPU.ActiveCfg = Debug|Any CPU
		{1709FA79-F712-B6DF-48D3-E17F6FD39785}.Debug|Any CPU.Build.0 = Debug|Any CPU
		{1709FA79-F712-B6DF-48D3-E17F6FD39785}.Release|Any CPU.ActiveCfg = Release|Any CPU
		{1709FA79-F712-B6DF-48D3-E17F6FD39785}.Release|Any CPU.Build.0 = Release|Any CPU
	EndGlobalSection
	GlobalSection(SolutionProperties) = preSolution
		HideSolutionNode = FALSE
	EndGlobalSection
	GlobalSection(ExtensibilityGlobals) = postSolution
		SolutionGuid = {8D90ABCF-222D-4937-A5EE-52CE73C892D2}
	EndGlobalSection
EndGlobal
